// !$*UTF8*$!
{
	archiveVersion = 1;
	classes = {
	};
	objectVersion = 55;
	objects = {

/* Begin PBXBuildFile section */
		B93115222784712C001B1845 /* MediaType.swift in Sources */ = {isa = PBXBuildFile; fileRef = B93115212784712C001B1845 /* MediaType.swift */; };
		B93115242784787E001B1845 /* SearchListView.swift in Sources */ = {isa = PBXBuildFile; fileRef = B93115232784787E001B1845 /* SearchListView.swift */; };
		B931152627847C1E001B1845 /* Media.swift in Sources */ = {isa = PBXBuildFile; fileRef = B931152527847C1E001B1845 /* Media.swift */; };
		B931152827847CB5001B1845 /* ITunesAPIResponse.swift in Sources */ = {isa = PBXBuildFile; fileRef = B931152727847CB5001B1845 /* ITunesAPIResponse.swift */; };
		B931152A2784803C001B1845 /* Kind.swift in Sources */ = {isa = PBXBuildFile; fileRef = B93115292784803C001B1845 /* Kind.swift */; };
		B931152D27848A13001B1845 /* String+StripHTML.swift in Sources */ = {isa = PBXBuildFile; fileRef = B931152C27848A13001B1845 /* String+StripHTML.swift */; };
		B931153127849FA8001B1845 /* APIRequest.swift in Sources */ = {isa = PBXBuildFile; fileRef = B931153027849FA8001B1845 /* APIRequest.swift */; };
		B931153327849FEA001B1845 /* Path.swift in Sources */ = {isa = PBXBuildFile; fileRef = B931153227849FEA001B1845 /* Path.swift */; };
		B93115352784A031001B1845 /* Query.swift in Sources */ = {isa = PBXBuildFile; fileRef = B93115342784A031001B1845 /* Query.swift */; };
		B93115372784A045001B1845 /* SearchQuery.swift in Sources */ = {isa = PBXBuildFile; fileRef = B93115362784A045001B1845 /* SearchQuery.swift */; };
		B93115392784A0FB001B1845 /* LookupQuery.swift in Sources */ = {isa = PBXBuildFile; fileRef = B93115382784A0FB001B1845 /* LookupQuery.swift */; };
		B931153B2784A160001B1845 /* APIError.swift in Sources */ = {isa = PBXBuildFile; fileRef = B931153A2784A160001B1845 /* APIError.swift */; };
		B931153D2784A553001B1845 /* APIManager.swift in Sources */ = {isa = PBXBuildFile; fileRef = B931153C2784A553001B1845 /* APIManager.swift */; };
		B9359E042787BA9800DCA0CE /* AVVideoPlayer.swift in Sources */ = {isa = PBXBuildFile; fileRef = B9359E032787BA9800DCA0CE /* AVVideoPlayer.swift */; };
		B94948332789244500C5AD40 /* MockResponse.swift in Sources */ = {isa = PBXBuildFile; fileRef = B94948322789244500C5AD40 /* MockResponse.swift */; };
		B97B43DC2787A62400432404 /* MediaDetailView.swift in Sources */ = {isa = PBXBuildFile; fileRef = B97B43DB2787A62400432404 /* MediaDetailView.swift */; };
		B97B43DE2787A76B00432404 /* ImagePlaceholderView.swift in Sources */ = {isa = PBXBuildFile; fileRef = B97B43DD2787A76B00432404 /* ImagePlaceholderView.swift */; };
		B97B43E02787AB8600432404 /* Date+DateFormatter.swift in Sources */ = {isa = PBXBuildFile; fileRef = B97B43DF2787AB8600432404 /* Date+DateFormatter.swift */; };
		B97B514F2794C866007378DB /* FavoritesSummaryGridItemView.swift in Sources */ = {isa = PBXBuildFile; fileRef = B97B514E2794C866007378DB /* FavoritesSummaryGridItemView.swift */; };
		B97B51512794CAD5007378DB /* FavoritesSummaryGridView.swift in Sources */ = {isa = PBXBuildFile; fileRef = B97B51502794CAD5007378DB /* FavoritesSummaryGridView.swift */; };
		B99672872794B18D00D409DD /* Collection+Grouped.swift in Sources */ = {isa = PBXBuildFile; fileRef = B99672862794B18D00D409DD /* Collection+Grouped.swift */; };
		B9A669222783BA540012E924 /* MediaSearchApp.swift in Sources */ = {isa = PBXBuildFile; fileRef = B9A669212783BA540012E924 /* MediaSearchApp.swift */; };
		B9A669242783BA540012E924 /* ContentView.swift in Sources */ = {isa = PBXBuildFile; fileRef = B9A669232783BA540012E924 /* ContentView.swift */; };
		B9A669262783BA560012E924 /* Assets.xcassets in Resources */ = {isa = PBXBuildFile; fileRef = B9A669252783BA560012E924 /* Assets.xcassets */; };
		B9A669292783BA560012E924 /* Preview Assets.xcassets in Resources */ = {isa = PBXBuildFile; fileRef = B9A669282783BA560012E924 /* Preview Assets.xcassets */; };
		B9A6693D2783BA560012E924 /* MediaSearchUITests.swift in Sources */ = {isa = PBXBuildFile; fileRef = B9A6693C2783BA560012E924 /* MediaSearchUITests.swift */; };
		B9A6693F2783BA560012E924 /* MediaSearchUITestsLaunchTests.swift in Sources */ = {isa = PBXBuildFile; fileRef = B9A6693E2783BA560012E924 /* MediaSearchUITestsLaunchTests.swift */; };
		B9A6694E2783C28D0012E924 /* SearchBar.swift in Sources */ = {isa = PBXBuildFile; fileRef = B9A6694D2783C28D0012E924 /* SearchBar.swift */; };
		B9A669502783C3D80012E924 /* SearchView.swift in Sources */ = {isa = PBXBuildFile; fileRef = B9A6694F2783C3D80012E924 /* SearchView.swift */; };
		B9A669522783C3F30012E924 /* SearchViewModel.swift in Sources */ = {isa = PBXBuildFile; fileRef = B9A669512783C3F30012E924 /* SearchViewModel.swift */; };
		B9B138D827886E4F00BEF32B /* MockURLProtocol.swift in Sources */ = {isa = PBXBuildFile; fileRef = B9B138D727886E4F00BEF32B /* MockURLProtocol.swift */; };
		B9B138DA27886E6600BEF32B /* APIManagerTests.swift in Sources */ = {isa = PBXBuildFile; fileRef = B9B138D927886E6600BEF32B /* APIManagerTests.swift */; };
		B9B138DD2788749100BEF32B /* APIHelper.swift in Sources */ = {isa = PBXBuildFile; fileRef = B9B138DC2788749100BEF32B /* APIHelper.swift */; };
		B9C748A42794549800A0F45D /* CoreDataManager.swift in Sources */ = {isa = PBXBuildFile; fileRef = B9C748A32794549800A0F45D /* CoreDataManager.swift */; };
		B9C748A627945F1A00A0F45D /* FavoritesSummaryView.swift in Sources */ = {isa = PBXBuildFile; fileRef = B9C748A527945F1900A0F45D /* FavoritesSummaryView.swift */; };
		B9D1F3672795DDE3000C6793 /* SearchListRowItem.swift in Sources */ = {isa = PBXBuildFile; fileRef = B9D1F3662795DDE3000C6793 /* SearchListRowItem.swift */; };
		B9EFD5292794E9AD002E044C /* GridItemLinkView.swift in Sources */ = {isa = PBXBuildFile; fileRef = B9EFD5282794E9AD002E044C /* GridItemLinkView.swift */; };
		B9F03A1D2792133700BAB828 /* MediaSearch.xcdatamodeld in Sources */ = {isa = PBXBuildFile; fileRef = B9F03A1B2792133700BAB828 /* MediaSearch.xcdatamodeld */; };
		B9F03A202792142600BAB828 /* FavoriteMedia+CoreDataClass.swift in Sources */ = {isa = PBXBuildFile; fileRef = B9F03A1E2792142600BAB828 /* FavoriteMedia+CoreDataClass.swift */; };
		B9F03A212792142600BAB828 /* FavoriteMedia+CoreDataProperties.swift in Sources */ = {isa = PBXBuildFile; fileRef = B9F03A1F2792142600BAB828 /* FavoriteMedia+CoreDataProperties.swift */; };
/* End PBXBuildFile section */

/* Begin PBXContainerItemProxy section */
		B9A6692F2783BA560012E924 /* PBXContainerItemProxy */ = {
			isa = PBXContainerItemProxy;
			containerPortal = B9A669162783BA540012E924 /* Project object */;
			proxyType = 1;
			remoteGlobalIDString = B9A6691D2783BA540012E924;
			remoteInfo = MediaSearch;
		};
		B9A669392783BA560012E924 /* PBXContainerItemProxy */ = {
			isa = PBXContainerItemProxy;
			containerPortal = B9A669162783BA540012E924 /* Project object */;
			proxyType = 1;
			remoteGlobalIDString = B9A6691D2783BA540012E924;
			remoteInfo = MediaSearch;
		};
/* End PBXContainerItemProxy section */

/* Begin PBXFileReference section */
		B93115212784712C001B1845 /* MediaType.swift */ = {isa = PBXFileReference; lastKnownFileType = sourcecode.swift; path = MediaType.swift; sourceTree = "<group>"; };
		B93115232784787E001B1845 /* SearchListView.swift */ = {isa = PBXFileReference; lastKnownFileType = sourcecode.swift; path = SearchListView.swift; sourceTree = "<group>"; };
		B931152527847C1E001B1845 /* Media.swift */ = {isa = PBXFileReference; lastKnownFileType = sourcecode.swift; path = Media.swift; sourceTree = "<group>"; };
		B931152727847CB5001B1845 /* ITunesAPIResponse.swift */ = {isa = PBXFileReference; lastKnownFileType = sourcecode.swift; path = ITunesAPIResponse.swift; sourceTree = "<group>"; };
		B93115292784803C001B1845 /* Kind.swift */ = {isa = PBXFileReference; lastKnownFileType = sourcecode.swift; path = Kind.swift; sourceTree = "<group>"; };
		B931152C27848A13001B1845 /* String+StripHTML.swift */ = {isa = PBXFileReference; lastKnownFileType = sourcecode.swift; path = "String+StripHTML.swift"; sourceTree = "<group>"; };
		B931153027849FA8001B1845 /* APIRequest.swift */ = {isa = PBXFileReference; lastKnownFileType = sourcecode.swift; path = APIRequest.swift; sourceTree = "<group>"; };
		B931153227849FEA001B1845 /* Path.swift */ = {isa = PBXFileReference; lastKnownFileType = sourcecode.swift; path = Path.swift; sourceTree = "<group>"; };
		B93115342784A031001B1845 /* Query.swift */ = {isa = PBXFileReference; lastKnownFileType = sourcecode.swift; path = Query.swift; sourceTree = "<group>"; };
		B93115362784A045001B1845 /* SearchQuery.swift */ = {isa = PBXFileReference; lastKnownFileType = sourcecode.swift; path = SearchQuery.swift; sourceTree = "<group>"; };
		B93115382784A0FB001B1845 /* LookupQuery.swift */ = {isa = PBXFileReference; lastKnownFileType = sourcecode.swift; path = LookupQuery.swift; sourceTree = "<group>"; };
		B931153A2784A160001B1845 /* APIError.swift */ = {isa = PBXFileReference; lastKnownFileType = sourcecode.swift; path = APIError.swift; sourceTree = "<group>"; };
		B931153C2784A553001B1845 /* APIManager.swift */ = {isa = PBXFileReference; lastKnownFileType = sourcecode.swift; path = APIManager.swift; sourceTree = "<group>"; };
		B9359E032787BA9800DCA0CE /* AVVideoPlayer.swift */ = {isa = PBXFileReference; lastKnownFileType = sourcecode.swift; path = AVVideoPlayer.swift; sourceTree = "<group>"; };
		B94948322789244500C5AD40 /* MockResponse.swift */ = {isa = PBXFileReference; lastKnownFileType = sourcecode.swift; path = MockResponse.swift; sourceTree = "<group>"; };
		B9494834278926A200C5AD40 /* README.md */ = {isa = PBXFileReference; lastKnownFileType = net.daringfireball.markdown; path = README.md; sourceTree = "<group>"; };
		B97B43DB2787A62400432404 /* MediaDetailView.swift */ = {isa = PBXFileReference; lastKnownFileType = sourcecode.swift; path = MediaDetailView.swift; sourceTree = "<group>"; };
		B97B43DD2787A76B00432404 /* ImagePlaceholderView.swift */ = {isa = PBXFileReference; lastKnownFileType = sourcecode.swift; path = ImagePlaceholderView.swift; sourceTree = "<group>"; };
		B97B43DF2787AB8600432404 /* Date+DateFormatter.swift */ = {isa = PBXFileReference; lastKnownFileType = sourcecode.swift; path = "Date+DateFormatter.swift"; sourceTree = "<group>"; };
		B97B514E2794C866007378DB /* FavoritesSummaryGridItemView.swift */ = {isa = PBXFileReference; lastKnownFileType = sourcecode.swift; path = FavoritesSummaryGridItemView.swift; sourceTree = "<group>"; };
		B97B51502794CAD5007378DB /* FavoritesSummaryGridView.swift */ = {isa = PBXFileReference; lastKnownFileType = sourcecode.swift; path = FavoritesSummaryGridView.swift; sourceTree = "<group>"; };
		B99672862794B18D00D409DD /* Collection+Grouped.swift */ = {isa = PBXFileReference; lastKnownFileType = sourcecode.swift; path = "Collection+Grouped.swift"; sourceTree = "<group>"; };
		B9A6691E2783BA540012E924 /* MediaSearch.app */ = {isa = PBXFileReference; explicitFileType = wrapper.application; includeInIndex = 0; path = MediaSearch.app; sourceTree = BUILT_PRODUCTS_DIR; };
		B9A669212783BA540012E924 /* MediaSearchApp.swift */ = {isa = PBXFileReference; lastKnownFileType = sourcecode.swift; path = MediaSearchApp.swift; sourceTree = "<group>"; };
		B9A669232783BA540012E924 /* ContentView.swift */ = {isa = PBXFileReference; lastKnownFileType = sourcecode.swift; path = ContentView.swift; sourceTree = "<group>"; };
		B9A669252783BA560012E924 /* Assets.xcassets */ = {isa = PBXFileReference; lastKnownFileType = folder.assetcatalog; path = Assets.xcassets; sourceTree = "<group>"; };
		B9A669282783BA560012E924 /* Preview Assets.xcassets */ = {isa = PBXFileReference; lastKnownFileType = folder.assetcatalog; path = "Preview Assets.xcassets"; sourceTree = "<group>"; };
		B9A6692E2783BA560012E924 /* MediaSearchTests.xctest */ = {isa = PBXFileReference; explicitFileType = wrapper.cfbundle; includeInIndex = 0; path = MediaSearchTests.xctest; sourceTree = BUILT_PRODUCTS_DIR; };
		B9A669382783BA560012E924 /* MediaSearchUITests.xctest */ = {isa = PBXFileReference; explicitFileType = wrapper.cfbundle; includeInIndex = 0; path = MediaSearchUITests.xctest; sourceTree = BUILT_PRODUCTS_DIR; };
		B9A6693C2783BA560012E924 /* MediaSearchUITests.swift */ = {isa = PBXFileReference; lastKnownFileType = sourcecode.swift; path = MediaSearchUITests.swift; sourceTree = "<group>"; };
		B9A6693E2783BA560012E924 /* MediaSearchUITestsLaunchTests.swift */ = {isa = PBXFileReference; lastKnownFileType = sourcecode.swift; path = MediaSearchUITestsLaunchTests.swift; sourceTree = "<group>"; };
		B9A6694D2783C28D0012E924 /* SearchBar.swift */ = {isa = PBXFileReference; lastKnownFileType = sourcecode.swift; path = SearchBar.swift; sourceTree = "<group>"; };
		B9A6694F2783C3D80012E924 /* SearchView.swift */ = {isa = PBXFileReference; lastKnownFileType = sourcecode.swift; path = SearchView.swift; sourceTree = "<group>"; };
		B9A669512783C3F30012E924 /* SearchViewModel.swift */ = {isa = PBXFileReference; lastKnownFileType = sourcecode.swift; path = SearchViewModel.swift; sourceTree = "<group>"; };
		B9B138D727886E4F00BEF32B /* MockURLProtocol.swift */ = {isa = PBXFileReference; lastKnownFileType = sourcecode.swift; path = MockURLProtocol.swift; sourceTree = "<group>"; };
		B9B138D927886E6600BEF32B /* APIManagerTests.swift */ = {isa = PBXFileReference; lastKnownFileType = sourcecode.swift; path = APIManagerTests.swift; sourceTree = "<group>"; };
		B9B138DC2788749100BEF32B /* APIHelper.swift */ = {isa = PBXFileReference; lastKnownFileType = sourcecode.swift; path = APIHelper.swift; sourceTree = "<group>"; };
		B9C748A32794549800A0F45D /* CoreDataManager.swift */ = {isa = PBXFileReference; lastKnownFileType = sourcecode.swift; path = CoreDataManager.swift; sourceTree = "<group>"; };
		B9C748A527945F1900A0F45D /* FavoritesSummaryView.swift */ = {isa = PBXFileReference; lastKnownFileType = sourcecode.swift; path = FavoritesSummaryView.swift; sourceTree = "<group>"; };
		B9D1F3662795DDE3000C6793 /* SearchListRowItem.swift */ = {isa = PBXFileReference; lastKnownFileType = sourcecode.swift; path = SearchListRowItem.swift; sourceTree = "<group>"; };
		B9EFD5282794E9AD002E044C /* GridItemLinkView.swift */ = {isa = PBXFileReference; lastKnownFileType = sourcecode.swift; path = GridItemLinkView.swift; sourceTree = "<group>"; };
		B9F03A1927920AC900BAB828 /* .gitignore */ = {isa = PBXFileReference; lastKnownFileType = text; path = .gitignore; sourceTree = "<group>"; };
		B9F03A1C2792133700BAB828 /* MediaSearch.xcdatamodel */ = {isa = PBXFileReference; lastKnownFileType = wrapper.xcdatamodel; path = MediaSearch.xcdatamodel; sourceTree = "<group>"; };
		B9F03A1E2792142600BAB828 /* FavoriteMedia+CoreDataClass.swift */ = {isa = PBXFileReference; lastKnownFileType = sourcecode.swift; path = "FavoriteMedia+CoreDataClass.swift"; sourceTree = "<group>"; };
		B9F03A1F2792142600BAB828 /* FavoriteMedia+CoreDataProperties.swift */ = {isa = PBXFileReference; lastKnownFileType = sourcecode.swift; path = "FavoriteMedia+CoreDataProperties.swift"; sourceTree = "<group>"; };
/* End PBXFileReference section */

/* Begin PBXFrameworksBuildPhase section */
		B9A6691B2783BA540012E924 /* Frameworks */ = {
			isa = PBXFrameworksBuildPhase;
			buildActionMask = 2147483647;
			files = (
			);
			runOnlyForDeploymentPostprocessing = 0;
		};
		B9A6692B2783BA560012E924 /* Frameworks */ = {
			isa = PBXFrameworksBuildPhase;
			buildActionMask = 2147483647;
			files = (
			);
			runOnlyForDeploymentPostprocessing = 0;
		};
		B9A669352783BA560012E924 /* Frameworks */ = {
			isa = PBXFrameworksBuildPhase;
			buildActionMask = 2147483647;
			files = (
			);
			runOnlyForDeploymentPostprocessing = 0;
		};
/* End PBXFrameworksBuildPhase section */

/* Begin PBXGroup section */
		B931152027847111001B1845 /* Models */ = {
			isa = PBXGroup;
			children = (
				B931152727847CB5001B1845 /* ITunesAPIResponse.swift */,
				B931152527847C1E001B1845 /* Media.swift */,
				B93115212784712C001B1845 /* MediaType.swift */,
				B93115292784803C001B1845 /* Kind.swift */,
				B931153227849FEA001B1845 /* Path.swift */,
			);
			path = Models;
			sourceTree = "<group>";
		};
		B931152B27848952001B1845 /* Extensions */ = {
			isa = PBXGroup;
			children = (
				B931152C27848A13001B1845 /* String+StripHTML.swift */,
				B97B43DF2787AB8600432404 /* Date+DateFormatter.swift */,
				B99672862794B18D00D409DD /* Collection+Grouped.swift */,
			);
			path = Extensions;
			sourceTree = "<group>";
		};
		B931152E2784937D001B1845 /* Shared */ = {
			isa = PBXGroup;
			children = (
				B9A6694C2783C27B0012E924 /* UIKit */,
				B97B43DD2787A76B00432404 /* ImagePlaceholderView.swift */,
				B97B43DB2787A62400432404 /* MediaDetailView.swift */,
			);
			path = Shared;
			sourceTree = "<group>";
		};
		B931152F27849F1E001B1845 /* API */ = {
			isa = PBXGroup;
			children = (
				B931153C2784A553001B1845 /* APIManager.swift */,
				B931153027849FA8001B1845 /* APIRequest.swift */,
				B931153A2784A160001B1845 /* APIError.swift */,
				B93115342784A031001B1845 /* Query.swift */,
				B93115362784A045001B1845 /* SearchQuery.swift */,
				B93115382784A0FB001B1845 /* LookupQuery.swift */,
			);
			path = API;
			sourceTree = "<group>";
		};
		B9A669152783BA540012E924 = {
			isa = PBXGroup;
			children = (
				B9494834278926A200C5AD40 /* README.md */,
				B9F03A1927920AC900BAB828 /* .gitignore */,
				B9A669202783BA540012E924 /* MediaSearch */,
				B9A669312783BA560012E924 /* MediaSearchTests */,
				B9A6693B2783BA560012E924 /* MediaSearchUITests */,
				B9A6691F2783BA540012E924 /* Products */,
			);
			sourceTree = "<group>";
		};
		B9A6691F2783BA540012E924 /* Products */ = {
			isa = PBXGroup;
			children = (
				B9A6691E2783BA540012E924 /* MediaSearch.app */,
				B9A6692E2783BA560012E924 /* MediaSearchTests.xctest */,
				B9A669382783BA560012E924 /* MediaSearchUITests.xctest */,
			);
			name = Products;
			sourceTree = "<group>";
		};
		B9A669202783BA540012E924 /* MediaSearch */ = {
			isa = PBXGroup;
			children = (
				B931152027847111001B1845 /* Models */,
				B9A6694B2783C2730012E924 /* Views */,
				B931152B27848952001B1845 /* Extensions */,
				B931152F27849F1E001B1845 /* API */,
				B9F03A1A2792130400BAB828 /* Core Data */,
				B9A669212783BA540012E924 /* MediaSearchApp.swift */,
				B9A669252783BA560012E924 /* Assets.xcassets */,
				B9A669272783BA560012E924 /* Preview Content */,
			);
			path = MediaSearch;
			sourceTree = "<group>";
		};
		B9A669272783BA560012E924 /* Preview Content */ = {
			isa = PBXGroup;
			children = (
				B9A669282783BA560012E924 /* Preview Assets.xcassets */,
			);
			path = "Preview Content";
			sourceTree = "<group>";
		};
		B9A669312783BA560012E924 /* MediaSearchTests */ = {
			isa = PBXGroup;
			children = (
				B9B138DB27886E6E00BEF32B /* Helpers */,
				B9B138D927886E6600BEF32B /* APIManagerTests.swift */,
			);
			path = MediaSearchTests;
			sourceTree = "<group>";
		};
		B9A6693B2783BA560012E924 /* MediaSearchUITests */ = {
			isa = PBXGroup;
			children = (
				B9A6693C2783BA560012E924 /* MediaSearchUITests.swift */,
				B9A6693E2783BA560012E924 /* MediaSearchUITestsLaunchTests.swift */,
			);
			path = MediaSearchUITests;
			sourceTree = "<group>";
		};
		B9A6694B2783C2730012E924 /* Views */ = {
			isa = PBXGroup;
			children = (
				B931152E2784937D001B1845 /* Shared */,
				B9A669532783C3F70012E924 /* Search */,
				B9C748A727945FEF00A0F45D /* Favorites Summary */,
				B9A669232783BA540012E924 /* ContentView.swift */,
			);
			path = Views;
			sourceTree = "<group>";
		};
		B9A6694C2783C27B0012E924 /* UIKit */ = {
			isa = PBXGroup;
			children = (
				B9A6694D2783C28D0012E924 /* SearchBar.swift */,
				B9359E032787BA9800DCA0CE /* AVVideoPlayer.swift */,
			);
			path = UIKit;
			sourceTree = "<group>";
		};
		B9A669532783C3F70012E924 /* Search */ = {
			isa = PBXGroup;
			children = (
				B9A6694F2783C3D80012E924 /* SearchView.swift */,
				B93115232784787E001B1845 /* SearchListView.swift */,
				B9D1F3662795DDE3000C6793 /* SearchListRowItem.swift */,
				B9A669512783C3F30012E924 /* SearchViewModel.swift */,
			);
			path = Search;
			sourceTree = "<group>";
		};
		B9B138DB27886E6E00BEF32B /* Helpers */ = {
			isa = PBXGroup;
			children = (
				B9B138DC2788749100BEF32B /* APIHelper.swift */,
				B9B138D727886E4F00BEF32B /* MockURLProtocol.swift */,
				B94948322789244500C5AD40 /* MockResponse.swift */,
			);
			path = Helpers;
			sourceTree = "<group>";
		};
		B9C748A727945FEF00A0F45D /* Favorites Summary */ = {
			isa = PBXGroup;
			children = (
				B9C748A527945F1900A0F45D /* FavoritesSummaryView.swift */,
				B97B51502794CAD5007378DB /* FavoritesSummaryGridView.swift */,
				B97B514E2794C866007378DB /* FavoritesSummaryGridItemView.swift */,
				B9EFD5282794E9AD002E044C /* GridItemLinkView.swift */,
			);
			path = "Favorites Summary";
			sourceTree = "<group>";
		};
		B9F03A1A2792130400BAB828 /* Core Data */ = {
			isa = PBXGroup;
			children = (
				B9F03A1B2792133700BAB828 /* MediaSearch.xcdatamodeld */,
				B9C748A32794549800A0F45D /* CoreDataManager.swift */,
				B9F03A1E2792142600BAB828 /* FavoriteMedia+CoreDataClass.swift */,
				B9F03A1F2792142600BAB828 /* FavoriteMedia+CoreDataProperties.swift */,
			);
			path = "Core Data";
			sourceTree = "<group>";
		};
/* End PBXGroup section */

/* Begin PBXNativeTarget section */
		B9A6691D2783BA540012E924 /* MediaSearch */ = {
			isa = PBXNativeTarget;
			buildConfigurationList = B9A669422783BA560012E924 /* Build configuration list for PBXNativeTarget "MediaSearch" */;
			buildPhases = (
				B9A6691A2783BA540012E924 /* Sources */,
				B9A6691B2783BA540012E924 /* Frameworks */,
				B9A6691C2783BA540012E924 /* Resources */,
			);
			buildRules = (
			);
			dependencies = (
			);
			name = MediaSearch;
			productName = MediaSearch;
			productReference = B9A6691E2783BA540012E924 /* MediaSearch.app */;
			productType = "com.apple.product-type.application";
		};
		B9A6692D2783BA560012E924 /* MediaSearchTests */ = {
			isa = PBXNativeTarget;
			buildConfigurationList = B9A669452783BA560012E924 /* Build configuration list for PBXNativeTarget "MediaSearchTests" */;
			buildPhases = (
				B9A6692A2783BA560012E924 /* Sources */,
				B9A6692B2783BA560012E924 /* Frameworks */,
				B9A6692C2783BA560012E924 /* Resources */,
			);
			buildRules = (
			);
			dependencies = (
				B9A669302783BA560012E924 /* PBXTargetDependency */,
			);
			name = MediaSearchTests;
			productName = MediaSearchTests;
			productReference = B9A6692E2783BA560012E924 /* MediaSearchTests.xctest */;
			productType = "com.apple.product-type.bundle.unit-test";
		};
		B9A669372783BA560012E924 /* MediaSearchUITests */ = {
			isa = PBXNativeTarget;
			buildConfigurationList = B9A669482783BA560012E924 /* Build configuration list for PBXNativeTarget "MediaSearchUITests" */;
			buildPhases = (
				B9A669342783BA560012E924 /* Sources */,
				B9A669352783BA560012E924 /* Frameworks */,
				B9A669362783BA560012E924 /* Resources */,
			);
			buildRules = (
			);
			dependencies = (
				B9A6693A2783BA560012E924 /* PBXTargetDependency */,
			);
			name = MediaSearchUITests;
			productName = MediaSearchUITests;
			productReference = B9A669382783BA560012E924 /* MediaSearchUITests.xctest */;
			productType = "com.apple.product-type.bundle.ui-testing";
		};
/* End PBXNativeTarget section */

/* Begin PBXProject section */
		B9A669162783BA540012E924 /* Project object */ = {
			isa = PBXProject;
			attributes = {
				BuildIndependentTargetsInParallel = 1;
				LastSwiftUpdateCheck = 1320;
				LastUpgradeCheck = 1320;
				TargetAttributes = {
					B9A6691D2783BA540012E924 = {
						CreatedOnToolsVersion = 13.2.1;
					};
					B9A6692D2783BA560012E924 = {
						CreatedOnToolsVersion = 13.2.1;
						TestTargetID = B9A6691D2783BA540012E924;
					};
					B9A669372783BA560012E924 = {
						CreatedOnToolsVersion = 13.2.1;
						TestTargetID = B9A6691D2783BA540012E924;
					};
				};
			};
			buildConfigurationList = B9A669192783BA540012E924 /* Build configuration list for PBXProject "MediaSearch" */;
			compatibilityVersion = "Xcode 13.0";
			developmentRegion = en;
			hasScannedForEncodings = 0;
			knownRegions = (
				en,
				Base,
			);
			mainGroup = B9A669152783BA540012E924;
			productRefGroup = B9A6691F2783BA540012E924 /* Products */;
			projectDirPath = "";
			projectRoot = "";
			targets = (
				B9A6691D2783BA540012E924 /* MediaSearch */,
				B9A6692D2783BA560012E924 /* MediaSearchTests */,
				B9A669372783BA560012E924 /* MediaSearchUITests */,
			);
		};
/* End PBXProject section */

/* Begin PBXResourcesBuildPhase section */
		B9A6691C2783BA540012E924 /* Resources */ = {
			isa = PBXResourcesBuildPhase;
			buildActionMask = 2147483647;
			files = (
				B9A669292783BA560012E924 /* Preview Assets.xcassets in Resources */,
				B9A669262783BA560012E924 /* Assets.xcassets in Resources */,
			);
			runOnlyForDeploymentPostprocessing = 0;
		};
		B9A6692C2783BA560012E924 /* Resources */ = {
			isa = PBXResourcesBuildPhase;
			buildActionMask = 2147483647;
			files = (
			);
			runOnlyForDeploymentPostprocessing = 0;
		};
		B9A669362783BA560012E924 /* Resources */ = {
			isa = PBXResourcesBuildPhase;
			buildActionMask = 2147483647;
			files = (
			);
			runOnlyForDeploymentPostprocessing = 0;
		};
/* End PBXResourcesBuildPhase section */

/* Begin PBXSourcesBuildPhase section */
		B9A6691A2783BA540012E924 /* Sources */ = {
			isa = PBXSourcesBuildPhase;
			buildActionMask = 2147483647;
			files = (
				B93115222784712C001B1845 /* MediaType.swift in Sources */,
				B97B43DC2787A62400432404 /* MediaDetailView.swift in Sources */,
				B97B43DE2787A76B00432404 /* ImagePlaceholderView.swift in Sources */,
				B97B43E02787AB8600432404 /* Date+DateFormatter.swift in Sources */,
				B9F03A212792142600BAB828 /* FavoriteMedia+CoreDataProperties.swift in Sources */,
				B9A669502783C3D80012E924 /* SearchView.swift in Sources */,
				B93115372784A045001B1845 /* SearchQuery.swift in Sources */,
				B931153B2784A160001B1845 /* APIError.swift in Sources */,
				B9A669522783C3F30012E924 /* SearchViewModel.swift in Sources */,
				B9F03A202792142600BAB828 /* FavoriteMedia+CoreDataClass.swift in Sources */,
				B9A669242783BA540012E924 /* ContentView.swift in Sources */,
				B9D1F3672795DDE3000C6793 /* SearchListRowItem.swift in Sources */,
				B931152827847CB5001B1845 /* ITunesAPIResponse.swift in Sources */,
				B931152D27848A13001B1845 /* String+StripHTML.swift in Sources */,
				B9A669222783BA540012E924 /* MediaSearchApp.swift in Sources */,
				B99672872794B18D00D409DD /* Collection+Grouped.swift in Sources */,
				B9A6694E2783C28D0012E924 /* SearchBar.swift in Sources */,
				B97B51512794CAD5007378DB /* FavoritesSummaryGridView.swift in Sources */,
				B93115352784A031001B1845 /* Query.swift in Sources */,
				B9C748A627945F1A00A0F45D /* FavoritesSummaryView.swift in Sources */,
				B931152627847C1E001B1845 /* Media.swift in Sources */,
				B931153D2784A553001B1845 /* APIManager.swift in Sources */,
				B93115242784787E001B1845 /* SearchListView.swift in Sources */,
				B93115392784A0FB001B1845 /* LookupQuery.swift in Sources */,
				B9C748A42794549800A0F45D /* CoreDataManager.swift in Sources */,
				B931153327849FEA001B1845 /* Path.swift in Sources */,
				B931153127849FA8001B1845 /* APIRequest.swift in Sources */,
				B9F03A1D2792133700BAB828 /* MediaSearch.xcdatamodeld in Sources */,
				B931152A2784803C001B1845 /* Kind.swift in Sources */,
				B9EFD5292794E9AD002E044C /* GridItemLinkView.swift in Sources */,
				B9359E042787BA9800DCA0CE /* AVVideoPlayer.swift in Sources */,
				B97B514F2794C866007378DB /* FavoritesSummaryGridItemView.swift in Sources */,
			);
			runOnlyForDeploymentPostprocessing = 0;
		};
		B9A6692A2783BA560012E924 /* Sources */ = {
			isa = PBXSourcesBuildPhase;
			buildActionMask = 2147483647;
			files = (
				B9B138DD2788749100BEF32B /* APIHelper.swift in Sources */,
				B94948332789244500C5AD40 /* MockResponse.swift in Sources */,
				B9B138D827886E4F00BEF32B /* MockURLProtocol.swift in Sources */,
				B9B138DA27886E6600BEF32B /* APIManagerTests.swift in Sources */,
			);
			runOnlyForDeploymentPostprocessing = 0;
		};
		B9A669342783BA560012E924 /* Sources */ = {
			isa = PBXSourcesBuildPhase;
			buildActionMask = 2147483647;
			files = (
				B9A6693D2783BA560012E924 /* MediaSearchUITests.swift in Sources */,
				B9A6693F2783BA560012E924 /* MediaSearchUITestsLaunchTests.swift in Sources */,
			);
			runOnlyForDeploymentPostprocessing = 0;
		};
/* End PBXSourcesBuildPhase section */

/* Begin PBXTargetDependency section */
		B9A669302783BA560012E924 /* PBXTargetDependency */ = {
			isa = PBXTargetDependency;
			target = B9A6691D2783BA540012E924 /* MediaSearch */;
			targetProxy = B9A6692F2783BA560012E924 /* PBXContainerItemProxy */;
		};
		B9A6693A2783BA560012E924 /* PBXTargetDependency */ = {
			isa = PBXTargetDependency;
			target = B9A6691D2783BA540012E924 /* MediaSearch */;
			targetProxy = B9A669392783BA560012E924 /* PBXContainerItemProxy */;
		};
/* End PBXTargetDependency section */

/* Begin XCBuildConfiguration section */
		B9A669402783BA560012E924 /* Debug */ = {
			isa = XCBuildConfiguration;
			buildSettings = {
				ALWAYS_SEARCH_USER_PATHS = NO;
				CLANG_ANALYZER_NONNULL = YES;
				CLANG_ANALYZER_NUMBER_OBJECT_CONVERSION = YES_AGGRESSIVE;
				CLANG_CXX_LANGUAGE_STANDARD = "gnu++17";
				CLANG_CXX_LIBRARY = "libc++";
				CLANG_ENABLE_MODULES = YES;
				CLANG_ENABLE_OBJC_ARC = YES;
				CLANG_ENABLE_OBJC_WEAK = YES;
				CLANG_WARN_BLOCK_CAPTURE_AUTORELEASING = YES;
				CLANG_WARN_BOOL_CONVERSION = YES;
				CLANG_WARN_COMMA = YES;
				CLANG_WARN_CONSTANT_CONVERSION = YES;
				CLANG_WARN_DEPRECATED_OBJC_IMPLEMENTATIONS = YES;
				CLANG_WARN_DIRECT_OBJC_ISA_USAGE = YES_ERROR;
				CLANG_WARN_DOCUMENTATION_COMMENTS = YES;
				CLANG_WARN_EMPTY_BODY = YES;
				CLANG_WARN_ENUM_CONVERSION = YES;
				CLANG_WARN_INFINITE_RECURSION = YES;
				CLANG_WARN_INT_CONVERSION = YES;
				CLANG_WARN_NON_LITERAL_NULL_CONVERSION = YES;
				CLANG_WARN_OBJC_IMPLICIT_RETAIN_SELF = YES;
				CLANG_WARN_OBJC_LITERAL_CONVERSION = YES;
				CLANG_WARN_OBJC_ROOT_CLASS = YES_ERROR;
				CLANG_WARN_QUOTED_INCLUDE_IN_FRAMEWORK_HEADER = YES;
				CLANG_WARN_RANGE_LOOP_ANALYSIS = YES;
				CLANG_WARN_STRICT_PROTOTYPES = YES;
				CLANG_WARN_SUSPICIOUS_MOVE = YES;
				CLANG_WARN_UNGUARDED_AVAILABILITY = YES_AGGRESSIVE;
				CLANG_WARN_UNREACHABLE_CODE = YES;
				CLANG_WARN__DUPLICATE_METHOD_MATCH = YES;
				COPY_PHASE_STRIP = NO;
				DEBUG_INFORMATION_FORMAT = dwarf;
				ENABLE_STRICT_OBJC_MSGSEND = YES;
				ENABLE_TESTABILITY = YES;
				GCC_C_LANGUAGE_STANDARD = gnu11;
				GCC_DYNAMIC_NO_PIC = NO;
				GCC_NO_COMMON_BLOCKS = YES;
				GCC_OPTIMIZATION_LEVEL = 0;
				GCC_PREPROCESSOR_DEFINITIONS = (
					"DEBUG=1",
					"$(inherited)",
				);
				GCC_WARN_64_TO_32_BIT_CONVERSION = YES;
				GCC_WARN_ABOUT_RETURN_TYPE = YES_ERROR;
				GCC_WARN_UNDECLARED_SELECTOR = YES;
				GCC_WARN_UNINITIALIZED_AUTOS = YES_AGGRESSIVE;
				GCC_WARN_UNUSED_FUNCTION = YES;
				GCC_WARN_UNUSED_VARIABLE = YES;
				IPHONEOS_DEPLOYMENT_TARGET = 15.2;
				MTL_ENABLE_DEBUG_INFO = INCLUDE_SOURCE;
				MTL_FAST_MATH = YES;
				ONLY_ACTIVE_ARCH = YES;
				SDKROOT = iphoneos;
				SWIFT_ACTIVE_COMPILATION_CONDITIONS = DEBUG;
				SWIFT_OPTIMIZATION_LEVEL = "-Onone";
			};
			name = Debug;
		};
		B9A669412783BA560012E924 /* Release */ = {
			isa = XCBuildConfiguration;
			buildSettings = {
				ALWAYS_SEARCH_USER_PATHS = NO;
				CLANG_ANALYZER_NONNULL = YES;
				CLANG_ANALYZER_NUMBER_OBJECT_CONVERSION = YES_AGGRESSIVE;
				CLANG_CXX_LANGUAGE_STANDARD = "gnu++17";
				CLANG_CXX_LIBRARY = "libc++";
				CLANG_ENABLE_MODULES = YES;
				CLANG_ENABLE_OBJC_ARC = YES;
				CLANG_ENABLE_OBJC_WEAK = YES;
				CLANG_WARN_BLOCK_CAPTURE_AUTORELEASING = YES;
				CLANG_WARN_BOOL_CONVERSION = YES;
				CLANG_WARN_COMMA = YES;
				CLANG_WARN_CONSTANT_CONVERSION = YES;
				CLANG_WARN_DEPRECATED_OBJC_IMPLEMENTATIONS = YES;
				CLANG_WARN_DIRECT_OBJC_ISA_USAGE = YES_ERROR;
				CLANG_WARN_DOCUMENTATION_COMMENTS = YES;
				CLANG_WARN_EMPTY_BODY = YES;
				CLANG_WARN_ENUM_CONVERSION = YES;
				CLANG_WARN_INFINITE_RECURSION = YES;
				CLANG_WARN_INT_CONVERSION = YES;
				CLANG_WARN_NON_LITERAL_NULL_CONVERSION = YES;
				CLANG_WARN_OBJC_IMPLICIT_RETAIN_SELF = YES;
				CLANG_WARN_OBJC_LITERAL_CONVERSION = YES;
				CLANG_WARN_OBJC_ROOT_CLASS = YES_ERROR;
				CLANG_WARN_QUOTED_INCLUDE_IN_FRAMEWORK_HEADER = YES;
				CLANG_WARN_RANGE_LOOP_ANALYSIS = YES;
				CLANG_WARN_STRICT_PROTOTYPES = YES;
				CLANG_WARN_SUSPICIOUS_MOVE = YES;
				CLANG_WARN_UNGUARDED_AVAILABILITY = YES_AGGRESSIVE;
				CLANG_WARN_UNREACHABLE_CODE = YES;
				CLANG_WARN__DUPLICATE_METHOD_MATCH = YES;
				COPY_PHASE_STRIP = NO;
				DEBUG_INFORMATION_FORMAT = "dwarf-with-dsym";
				ENABLE_NS_ASSERTIONS = NO;
				ENABLE_STRICT_OBJC_MSGSEND = YES;
				GCC_C_LANGUAGE_STANDARD = gnu11;
				GCC_NO_COMMON_BLOCKS = YES;
				GCC_WARN_64_TO_32_BIT_CONVERSION = YES;
				GCC_WARN_ABOUT_RETURN_TYPE = YES_ERROR;
				GCC_WARN_UNDECLARED_SELECTOR = YES;
				GCC_WARN_UNINITIALIZED_AUTOS = YES_AGGRESSIVE;
				GCC_WARN_UNUSED_FUNCTION = YES;
				GCC_WARN_UNUSED_VARIABLE = YES;
				IPHONEOS_DEPLOYMENT_TARGET = 15.2;
				MTL_ENABLE_DEBUG_INFO = NO;
				MTL_FAST_MATH = YES;
				SDKROOT = iphoneos;
				SWIFT_COMPILATION_MODE = wholemodule;
				SWIFT_OPTIMIZATION_LEVEL = "-O";
				VALIDATE_PRODUCT = YES;
			};
			name = Release;
		};
		B9A669432783BA560012E924 /* Debug */ = {
			isa = XCBuildConfiguration;
			buildSettings = {
				ASSETCATALOG_COMPILER_APPICON_NAME = AppIcon;
				ASSETCATALOG_COMPILER_GLOBAL_ACCENT_COLOR_NAME = AccentColor;
				CODE_SIGN_STYLE = Automatic;
				CURRENT_PROJECT_VERSION = 1;
				DEVELOPMENT_ASSET_PATHS = "\"MediaSearch/Preview Content\"";
				DEVELOPMENT_TEAM = 8RLJXAVU5D;
				ENABLE_PREVIEWS = YES;
				GENERATE_INFOPLIST_FILE = YES;
				INFOPLIST_KEY_UIApplicationSceneManifest_Generation = YES;
				INFOPLIST_KEY_UIApplicationSupportsIndirectInputEvents = YES;
				INFOPLIST_KEY_UILaunchScreen_Generation = YES;
				INFOPLIST_KEY_UISupportedInterfaceOrientations_iPad = "UIInterfaceOrientationPortrait UIInterfaceOrientationPortraitUpsideDown UIInterfaceOrientationLandscapeLeft UIInterfaceOrientationLandscapeRight";
				INFOPLIST_KEY_UISupportedInterfaceOrientations_iPhone = "UIInterfaceOrientationPortrait UIInterfaceOrientationLandscapeLeft UIInterfaceOrientationLandscapeRight";
				IPHONEOS_DEPLOYMENT_TARGET = 14.0;
				LD_RUNPATH_SEARCH_PATHS = (
					"$(inherited)",
					"@executable_path/Frameworks",
				);
				MARKETING_VERSION = 1.0;
				PRODUCT_BUNDLE_IDENTIFIER = com.practice.MediaSearch;
				PRODUCT_NAME = "$(TARGET_NAME)";
				SWIFT_EMIT_LOC_STRINGS = YES;
				SWIFT_VERSION = 5.0;
				TARGETED_DEVICE_FAMILY = "1,2";
			};
			name = Debug;
		};
		B9A669442783BA560012E924 /* Release */ = {
			isa = XCBuildConfiguration;
			buildSettings = {
				ASSETCATALOG_COMPILER_APPICON_NAME = AppIcon;
				ASSETCATALOG_COMPILER_GLOBAL_ACCENT_COLOR_NAME = AccentColor;
				CODE_SIGN_STYLE = Automatic;
				CURRENT_PROJECT_VERSION = 1;
				DEVELOPMENT_ASSET_PATHS = "\"MediaSearch/Preview Content\"";
				DEVELOPMENT_TEAM = 8RLJXAVU5D;
				ENABLE_PREVIEWS = YES;
				GENERATE_INFOPLIST_FILE = YES;
				INFOPLIST_KEY_UIApplicationSceneManifest_Generation = YES;
				INFOPLIST_KEY_UIApplicationSupportsIndirectInputEvents = YES;
				INFOPLIST_KEY_UILaunchScreen_Generation = YES;
				INFOPLIST_KEY_UISupportedInterfaceOrientations_iPad = "UIInterfaceOrientationPortrait UIInterfaceOrientationPortraitUpsideDown UIInterfaceOrientationLandscapeLeft UIInterfaceOrientationLandscapeRight";
				INFOPLIST_KEY_UISupportedInterfaceOrientations_iPhone = "UIInterfaceOrientationPortrait UIInterfaceOrientationLandscapeLeft UIInterfaceOrientationLandscapeRight";
				IPHONEOS_DEPLOYMENT_TARGET = 14.0;
				LD_RUNPATH_SEARCH_PATHS = (
					"$(inherited)",
					"@executable_path/Frameworks",
				);
				MARKETING_VERSION = 1.0;
				PRODUCT_BUNDLE_IDENTIFIER = com.practice.MediaSearch;
				PRODUCT_NAME = "$(TARGET_NAME)";
				SWIFT_EMIT_LOC_STRINGS = YES;
				SWIFT_VERSION = 5.0;
				TARGETED_DEVICE_FAMILY = "1,2";
			};
			name = Release;
		};
		B9A669462783BA560012E924 /* Debug */ = {
			isa = XCBuildConfiguration;
			buildSettings = {
				ALWAYS_EMBED_SWIFT_STANDARD_LIBRARIES = YES;
				BUNDLE_LOADER = "$(TEST_HOST)";
				CODE_SIGN_STYLE = Automatic;
				CURRENT_PROJECT_VERSION = 1;
				DEVELOPMENT_TEAM = 8RLJXAVU5D;
				GENERATE_INFOPLIST_FILE = YES;
				IPHONEOS_DEPLOYMENT_TARGET = 15.2;
				MARKETING_VERSION = 1.0;
				PRODUCT_BUNDLE_IDENTIFIER = com.practice.MediaSearchTests;
				PRODUCT_NAME = "$(TARGET_NAME)";
				SWIFT_EMIT_LOC_STRINGS = NO;
				SWIFT_VERSION = 5.0;
				TARGETED_DEVICE_FAMILY = "1,2";
				TEST_HOST = "$(BUILT_PRODUCTS_DIR)/MediaSearch.app/MediaSearch";
			};
			name = Debug;
		};
		B9A669472783BA560012E924 /* Release */ = {
			isa = XCBuildConfiguration;
			buildSettings = {
				ALWAYS_EMBED_SWIFT_STANDARD_LIBRARIES = YES;
				BUNDLE_LOADER = "$(TEST_HOST)";
				CODE_SIGN_STYLE = Automatic;
				CURRENT_PROJECT_VERSION = 1;
				DEVELOPMENT_TEAM = 8RLJXAVU5D;
				GENERATE_INFOPLIST_FILE = YES;
				IPHONEOS_DEPLOYMENT_TARGET = 15.2;
				MARKETING_VERSION = 1.0;
				PRODUCT_BUNDLE_IDENTIFIER = com.practice.MediaSearchTests;
				PRODUCT_NAME = "$(TARGET_NAME)";
				SWIFT_EMIT_LOC_STRINGS = NO;
				SWIFT_VERSION = 5.0;
				TARGETED_DEVICE_FAMILY = "1,2";
				TEST_HOST = "$(BUILT_PRODUCTS_DIR)/MediaSearch.app/MediaSearch";
			};
			name = Release;
		};
		B9A669492783BA560012E924 /* Debug */ = {
			isa = XCBuildConfiguration;
			buildSettings = {
				ALWAYS_EMBED_SWIFT_STANDARD_LIBRARIES = YES;
				CODE_SIGN_STYLE = Automatic;
				CURRENT_PROJECT_VERSION = 1;
				DEVELOPMENT_TEAM = 8RLJXAVU5D;
				GENERATE_INFOPLIST_FILE = YES;
				MARKETING_VERSION = 1.0;
				PRODUCT_BUNDLE_IDENTIFIER = com.practice.MediaSearchUITests;
				PRODUCT_NAME = "$(TARGET_NAME)";
				SWIFT_EMIT_LOC_STRINGS = NO;
				SWIFT_VERSION = 5.0;
				TARGETED_DEVICE_FAMILY = "1,2";
				TEST_TARGET_NAME = MediaSearch;
			};
			name = Debug;
		};
		B9A6694A2783BA560012E924 /* Release */ = {
			isa = XCBuildConfiguration;
			buildSettings = {
				ALWAYS_EMBED_SWIFT_STANDARD_LIBRARIES = YES;
				CODE_SIGN_STYLE = Automatic;
				CURRENT_PROJECT_VERSION = 1;
				DEVELOPMENT_TEAM = 8RLJXAVU5D;
				GENERATE_INFOPLIST_FILE = YES;
				MARKETING_VERSION = 1.0;
				PRODUCT_BUNDLE_IDENTIFIER = com.practice.MediaSearchUITests;
				PRODUCT_NAME = "$(TARGET_NAME)";
				SWIFT_EMIT_LOC_STRINGS = NO;
				SWIFT_VERSION = 5.0;
				TARGETED_DEVICE_FAMILY = "1,2";
				TEST_TARGET_NAME = MediaSearch;
			};
			name = Release;
		};
/* End XCBuildConfiguration section */

/* Begin XCConfigurationList section */
		B9A669192783BA540012E924 /* Build configuration list for PBXProject "MediaSearch" */ = {
			isa = XCConfigurationList;
			buildConfigurations = (
				B9A669402783BA560012E924 /* Debug */,
				B9A669412783BA560012E924 /* Release */,
			);
			defaultConfigurationIsVisible = 0;
			defaultConfigurationName = Release;
		};
		B9A669422783BA560012E924 /* Build configuration list for PBXNativeTarget "MediaSearch" */ = {
			isa = XCConfigurationList;
			buildConfigurations = (
				B9A669432783BA560012E924 /* Debug */,
				B9A669442783BA560012E924 /* Release */,
			);
			defaultConfigurationIsVisible = 0;
			defaultConfigurationName = Release;
		};
		B9A669452783BA560012E924 /* Build configuration list for PBXNativeTarget "MediaSearchTests" */ = {
			isa = XCConfigurationList;
			buildConfigurations = (
				B9A669462783BA560012E924 /* Debug */,
				B9A669472783BA560012E924 /* Release */,
			);
			defaultConfigurationIsVisible = 0;
			defaultConfigurationName = Release;
		};
		B9A669482783BA560012E924 /* Build configuration list for PBXNativeTarget "MediaSearchUITests" */ = {
			isa = XCConfigurationList;
			buildConfigurations = (
				B9A669492783BA560012E924 /* Debug */,
				B9A6694A2783BA560012E924 /* Release */,
			);
			defaultConfigurationIsVisible = 0;
			defaultConfigurationName = Release;
		};
/* End XCConfigurationList section */

/* Begin XCVersionGroup section */
		B9F03A1B2792133700BAB828 /* MediaSearch.xcdatamodeld */ = {
			isa = XCVersionGroup;
			children = (
				B9F03A1C2792133700BAB828 /* MediaSearch.xcdatamodel */,
			);
			currentVersion = B9F03A1C2792133700BAB828 /* MediaSearch.xcdatamodel */;
			path = MediaSearch.xcdatamodeld;
			sourceTree = "<group>";
			versionGroupType = wrapper.xcdatamodel;
		};
/* End XCVersionGroup section */
	};
	rootObject = B9A669162783BA540012E924 /* Project object */;
}
